<?xml version="1.0" encoding="UTF-8" standalone="yes" ?>
<CodeBlocks_project_file>
	<FileVersion major="1" minor="6" />
	<Project>
		<Option title="wxTools" />
		<Option pch_mode="2" />
		<Option compiler="gcc" />
		<Build>
			<Target title="WinDebug">
				<Option output="lib/wxToolsd" prefix_auto="1" extension_auto="1" />
				<Option working_dir="" />
				<Option object_output="obj/Debug/" />
				<Option type="2" />
				<Option compiler="gcc" />
				<Option createDefFile="1" />
				<Compiler>
					<Add option="-Wall" />
					<Add option="-g" />
					<Add directory="$(WX_DIR)$(WX_VER1)$(WX_VER2)$(WX_VER3)$(WX_GL_VER)/include" />
					<Add directory="$(WX_DIR)$(WX_VER1)$(WX_VER2)$(WX_VER3)$(WX_GL_VER)/include/contrib/include" />
					<Add directory="$(WX_DIR)$(WX_VER1)$(WX_VER2)$(WX_VER3)$(WX_GL_VER)/lib/gcc_lib/mswu" />
					<Add directory="$(#sqlite3.INCLUDE)" />
					<Add directory="$(#wxsqlite3.INCLUDE)" />
				</Compiler>
				<Linker>
					<Add library="$(#wxsqlite3.LIB)/libwxcode_msw$(WX_VER1)$(WX_VER2)$(AURD)_wxsqlite3.a" />
					<Add library="$(#sqlite3.LIB)/sqlite3.a" />
					<Add library="libwxmsw$(WX_VER1)$(WX_VER2)$(AURD)_core.a" />
					<Add library="libwxbase$(WX_VER1)$(WX_VER2)$(AURD)_net.a" />
					<Add library="libwxbase$(WX_VER1)$(WX_VER2)$(AURD)_xml.a" />
					<Add library="libwxbase$(WX_VER1)$(WX_VER2)$(AURD).a" />
					<Add library="libwxpng$(RD).a" />
					<Add library="libwxmsw$(WX_VER1)$(WX_VER2)$(AURD)_xrc.a" />
					<Add library="libwxjpeg$(RD).a" />
					<Add library="libwxzlib$(RD).a" />
					<Add library="libwxregex$(AURD).a" />
					<Add library="libwxexpat$(RD).a" />
					<Add library="libwxmsw$(WX_VER1)$(WX_VER2)$(AURD)_adv.a" />
					<Add library="libkernel32.a" />
					<Add library="libuser32.a" />
					<Add library="libgdi32.a" />
					<Add library="libcomdlg32.a" />
					<Add library="libwinspool.a" />
					<Add library="libwinmm" />
					<Add library="libshell32.a" />
					<Add library="libcomctl32.a" />
					<Add library="libole32.a" />
					<Add library="liboleaut32.a" />
					<Add library="libuuid.a" />
					<Add library="libodbc32.a" />
					<Add library="libadvapi32.a" />
					<Add library="libwsock32.a" />
					<Add library="libopengl32.a" />
					<Add library="libglu32.a" />
					<Add library="$(#mingw.LIB)/libshlwapi.a" />
					<Add library="$(#mingw.LIB)/libversion.a" />
				</Linker>
			</Target>
			<Target title="WinRelease">
				<Option output="lib/wxTools" prefix_auto="1" extension_auto="1" />
				<Option working_dir="" />
				<Option object_output="obj/Release/" />
				<Option type="2" />
				<Option compiler="gcc" />
				<Option createDefFile="1" />
				<Compiler>
					<Add option="-O2" />
					<Add option="-Wall" />
					<Add directory="$(WX_DIR)$(WX_VER1)$(WX_VER2)$(WX_VER3)$(WX_GL_VER)/include" />
					<Add directory="$(WX_DIR)$(WX_VER1)$(WX_VER2)$(WX_VER3)$(WX_GL_VER)/include/contrib/include" />
					<Add directory="$(WX_DIR)$(WX_VER1)$(WX_VER2)$(WX_VER3)$(WX_GL_VER)/lib/gcc_lib/mswu" />
					<Add directory="$(#sqlite3.INCLUDE)" />
					<Add directory="$(#wxsqlite3.INCLUDE)" />
				</Compiler>
				<Linker>
					<Add option="-s" />
					<Add library="$(#wxsqlite3.LIB)/libwxcode_msw$(WX_VER1)$(WX_VER2)$(AURD)_wxsqlite3.a" />
					<Add library="$(#sqlite3.LIB)/sqlite3.a" />
					<Add library="libwxmsw$(WX_VER1)$(WX_VER2)$(AURD)_core.a" />
					<Add library="libwxbase$(WX_VER1)$(WX_VER2)$(AURD)_net.a" />
					<Add library="libwxbase$(WX_VER1)$(WX_VER2)$(AURD)_xml.a" />
					<Add library="libwxbase$(WX_VER1)$(WX_VER2)$(AURD).a" />
					<Add library="libwxpng$(RD).a" />
					<Add library="libwxmsw$(WX_VER1)$(WX_VER2)$(AURD)_xrc.a" />
					<Add library="libwxjpeg$(RD).a" />
					<Add library="libwxzlib$(RD).a" />
					<Add library="libwxregex$(AURD).a" />
					<Add library="libwxexpat$(RD).a" />
					<Add library="libwxmsw$(WX_VER1)$(WX_VER2)$(AURD)_adv.a" />
					<Add library="libkernel32.a" />
					<Add library="libuser32.a" />
					<Add library="libgdi32.a" />
					<Add library="libcomdlg32.a" />
					<Add library="libwinspool.a" />
					<Add library="libwinmm" />
					<Add library="libshell32.a" />
					<Add library="libcomctl32.a" />
					<Add library="libole32.a" />
					<Add library="liboleaut32.a" />
					<Add library="libuuid.a" />
					<Add library="libodbc32.a" />
					<Add library="libadvapi32.a" />
					<Add library="libwsock32.a" />
					<Add library="libopengl32.a" />
					<Add library="libglu32.a" />
					<Add library="$(#mingw.LIB)/libshlwapi.a" />
					<Add library="$(#mingw.LIB)/libversion.a" />
				</Linker>
			</Target>
			<Environment>
				<Variable name="AU" value="u" />
				<Variable name="AURD" value="$(AU)$(RD)" />
				<Variable name="RD" value="" />
				<Variable name="SQLITE3" value="${WXSQLITE3}\sqlite3" />
				<Variable name="WXSQLITE3" value="${DIR_LIB_WXSQLITE3}" />
				<Variable name="WX_CFG" value="msw$(AURD)" />
				<Variable name="WX_DIR" value="$(DIR_LIB_WXWIDGETS)" />
				<Variable name="WX_GL_VER" value="GL" />
				<Variable name="WX_VER1" value="3" />
				<Variable name="WX_VER2" value="1" />
				<Variable name="WX_VER3" value="0" />
				<Variable name="__WX_VERSION__" value="${WX_VER1}.${WX_VER2}.${WX_VER3}" />
			</Environment>
		</Build>
		<Compiler>
			<Add option="-std=c++11" />
			<Add option="-pipe" />
			<Add option="-mthreads" />
			<Add option='[[if (PLATFORM == PLATFORM_MSW &amp;&amp; (GetCompilerFactory().GetCompilerVersionString(_T(&quot;gcc&quot;)) &gt;= _T(&quot;4.0.0&quot;))) print(_T(&quot;-Wno-attributes&quot;));]]' />
			<Add option="-std=gnu++11" />
			<Add option="-D__GNUWIN32__" />
			<Add option="-D__WXMSW__" />
			<Add option="-DwxUSE_UNICODE" />
			<Add directory="include" />
			<Add directory="include/tools" />
			<Add directory="include/tools/database" />
			<Add directory="include/tools/database/requests" />
			<Add directory="include/tools/dir" />
			<Add directory="include/tools/dir/interface" />
			<Add directory="include/tools/dir/factory" />
			<Add directory="include/tools/dir/operations" />
			<Add directory="include/tools/validator" />
			<Add directory="include/tools/stl" />
			<Add directory="include/tools/system" />
			<Add directory="include/tools/thread" />
			<Add directory="include/tools/thread/manager" />
		</Compiler>
		<ResourceCompiler>
			<Add directory="$(WX_DIR)$(WX_VER1)$(WX_VER2)$(WX_VER3)$(WX_GL_VER)/include" />
		</ResourceCompiler>
		<Linker>
			<Add directory="$(WX_DIR)$(WX_VER1)$(WX_VER2)$(WX_VER3)$(WX_GL_VER)/lib/gcc_lib" />
			<Add directory="$(#sqlite3.LIB)" />
			<Add directory="$(#wxsqlite3.LIB)" />
		</Linker>
		<Unit filename="include/tools/database/DBThreadEvent.h" />
		<Unit filename="include/tools/database/DataBaseManager.h" />
		<Unit filename="include/tools/database/DataBaseMetaData.h" />
		<Unit filename="include/tools/database/DataBaseRequest.h" />
		<Unit filename="include/tools/database/DataBaseResponse.h" />
		<Unit filename="include/tools/database/requests/DataBaseClosingRequest.h" />
		<Unit filename="include/tools/database/requests/DataBaseOpeningRequest.h" />
		<Unit filename="include/tools/dir/AskForRecursiveOperationData.h" />
		<Unit filename="include/tools/dir/DirFileManager.h" />
		<Unit filename="include/tools/dir/DirFileManagerData.h" />
		<Unit filename="include/tools/dir/factory/DirFileCommunicationFactory.h" />
		<Unit filename="include/tools/dir/factory/DirFileDialogFactory.h" />
		<Unit filename="include/tools/dir/interface/DirFileDialog.h" />
		<Unit filename="include/tools/dir/interface/DirFileDialogEvent.h" />
		<Unit filename="include/tools/dir/interface/DirFileUserInterface.h" />
		<Unit filename="include/tools/dir/interface/Events.h" />
		<Unit filename="include/tools/dir/interface/RepeatedQuestionDialogEvent.h" />
		<Unit filename="include/tools/dir/interface/RepeatedQuestionInterface.h" />
		<Unit filename="include/tools/dir/operations/ConflictingOperationFile.h" />
		<Unit filename="include/tools/dir/operations/CopyFile.h" />
		<Unit filename="include/tools/dir/operations/CutFile.h" />
		<Unit filename="include/tools/dir/operations/DeleteFile.h" />
		<Unit filename="include/tools/dir/operations/OperationFile.h" />
		<Unit filename="include/tools/stl/ThreadSafePriorityQueue.h" />
		<Unit filename="include/tools/stl/ThreadSafeQueue.h" />
		<Unit filename="include/tools/system/System.h" />
		<Unit filename="include/tools/thread/FileDeletionThread.h" />
		<Unit filename="include/tools/thread/IRunnable.h" />
		<Unit filename="include/tools/thread/IThreadManager.h" />
		<Unit filename="include/tools/thread/Runnable.h" />
		<Unit filename="include/tools/thread/RunnableComparator.h" />
		<Unit filename="include/tools/thread/ThreadFactory.h" />
		<Unit filename="include/tools/thread/ThreadProcess.h" />
		<Unit filename="include/tools/thread/manager/AbstractThreadManager.h" />
		<Unit filename="include/tools/thread/manager/MultiThreadManager.h" />
		<Unit filename="include/tools/thread/manager/SingleThreadManager.h" />
		<Unit filename="include/tools/validator/FileValidator.h" />
		<Unit filename="src/tools/database/DBThreadEvent.cpp" />
		<Unit filename="src/tools/database/DataBaseManager.cpp" />
		<Unit filename="src/tools/database/DataBaseRequest.cpp" />
		<Unit filename="src/tools/database/DataBaseResponse.cpp" />
		<Unit filename="src/tools/database/requests/DataBaseClosingRequest.cpp" />
		<Unit filename="src/tools/database/requests/DataBaseOpeningRequest.cpp" />
		<Unit filename="src/tools/dir/AskForRecursiveOperationData.cpp" />
		<Unit filename="src/tools/dir/DirFileManager.cpp" />
		<Unit filename="src/tools/dir/DirFileManagerData.cpp" />
		<Unit filename="src/tools/dir/factory/DirFileDialogFactory.cpp" />
		<Unit filename="src/tools/dir/interface/DirFileDialog.cpp" />
		<Unit filename="src/tools/dir/interface/DirFileDialogEvent.cpp" />
		<Unit filename="src/tools/dir/interface/RepeatedQuestionDialogEvent.cpp" />
		<Unit filename="src/tools/dir/operations/ConflictingOperationFile.cpp" />
		<Unit filename="src/tools/dir/operations/CopyFile.cpp" />
		<Unit filename="src/tools/dir/operations/CutFile.cpp" />
		<Unit filename="src/tools/dir/operations/DeleteFile.cpp" />
		<Unit filename="src/tools/dir/operations/OperationFile.cpp" />
		<Unit filename="src/tools/system/System.cpp" />
		<Unit filename="src/tools/thread/FileDeletionThread.cpp" />
		<Unit filename="src/tools/thread/Runnable.cpp" />
		<Unit filename="src/tools/thread/ThreadFactory.cpp" />
		<Unit filename="src/tools/thread/ThreadProcess.cpp" />
		<Unit filename="src/tools/thread/manager/AbstractThreadManager.cpp" />
		<Unit filename="src/tools/thread/manager/MultiThreadManager.cpp" />
		<Unit filename="src/tools/thread/manager/SingleThreadManager.cpp" />
		<Unit filename="src/tools/validator/FileValidator.cpp" />
		<Extensions>
			<code_completion />
			<envvars set="david" />
			<debugger />
			<lib_finder disable_auto="1" />
		</Extensions>
	</Project>
</CodeBlocks_project_file>
